{
  "requires": true,
  "lockfileVersion": 1,
  "dependencies": {
    "unescape-json": {
      "version": "1.0.3",
      "resolved": "https://registry.npmjs.org/unescape-json/-/unescape-json-1.0.3.tgz",
      "integrity": "sha512-bBkOiYyvV1vfNll5dDZ9wUoGwxi+qTjwT81S6CRxxNDzbTdY7DXQyzMl5nklb9yjBd3DF+KyG4h2bDEqxKrUhA=="
    }
  }
}
